<?xml version="1.0" encoding="utf-8"?>
<Project ToolsVersion="4.0" xmlns="http://schemas.microsoft.com/developer/msbuild/2003">
  <ItemGroup>
    <Filter Include="Source Files">
      <UniqueIdentifier>{4FC737F1-C7A5-4376-A066-2A32D752A2FF}</UniqueIdentifier>
      <Extensions>cpp;c;cc;cxx;def;odl;idl;hpj;bat;asm;asmx</Extensions>
    </Filter>
    <Filter Include="Header Files">
      <UniqueIdentifier>{93995380-89BD-4b04-88EB-625FBE52EBFB}</UniqueIdentifier>
      <Extensions>h;hh;hpp;hxx;hm;inl;inc;xsd</Extensions>
    </Filter>
    <Filter Include="Resource Files">
      <UniqueIdentifier>{67DA6AB6-F800-4c08-8B7A-83BB121AAD01}</UniqueIdentifier>
      <Extensions>rc;ico;cur;bmp;dlg;rc2;rct;bin;rgs;gif;jpg;jpeg;jpe;resx;tiff;tif;png;wav;mfcribbon-ms</Extensions>
    </Filter>
    <Filter Include="Source Files\Vulkan">
      <UniqueIdentifier>{412c0b39-8202-4c41-a491-186fc88e09c8}</UniqueIdentifier>
    </Filter>
    <Filter Include="Source Files\Tools">
      <UniqueIdentifier>{0d9ea2f6-bc6a-461f-b390-ac5d8e55e3f3}</UniqueIdentifier>
    </Filter>
    <Filter Include="Header Files\Tools">
      <UniqueIdentifier>{2985868b-3ec0-4c4c-97e6-79a8b3a5c8d5}</UniqueIdentifier>
    </Filter>
    <Filter Include="Source Files\Simulation">
      <UniqueIdentifier>{cb128344-51ce-4570-a44d-a5068545aa43}</UniqueIdentifier>
    </Filter>
    <Filter Include="Header Files\Simulation">
      <UniqueIdentifier>{0175e2da-ba53-4131-bde4-da4110860f53}</UniqueIdentifier>
    </Filter>
    <Filter Include="Header Files\Objects">
      <UniqueIdentifier>{410fbcf6-82ff-49a0-a38c-aa53def57d2c}</UniqueIdentifier>
    </Filter>
  </ItemGroup>
  <ItemGroup>
    <Text Include="ReadMe.txt" />
  </ItemGroup>
  <ItemGroup>
    <ClInclude Include="stdafx.h">
      <Filter>Header Files</Filter>
    </ClInclude>
    <ClInclude Include="targetver.h">
      <Filter>Header Files</Filter>
    </ClInclude>
    <ClInclude Include="Resource.h">
      <Filter>Header Files</Filter>
    </ClInclude>
    <ClInclude Include="VulkanInstance.h">
      <Filter>Source Files\Vulkan</Filter>
    </ClInclude>
    <ClInclude Include="Cube.h">
      <Filter>Source Files\Vulkan</Filter>
    </ClInclude>
    <ClInclude Include="Manager.h">
      <Filter>Header Files\Simulation</Filter>
    </ClInclude>
    <ClInclude Include="Model.h">
      <Filter>Header Files\Tools</Filter>
    </ClInclude>
    <ClInclude Include="Shader.h">
      <Filter>Header Files\Tools</Filter>
    </ClInclude>
    <ClInclude Include="Triangle.h">
      <Filter>Header Files\Tools</Filter>
    </ClInclude>
    <ClInclude Include="Mat4.h">
      <Filter>Header Files\Tools</Filter>
    </ClInclude>
    <ClInclude Include="Vec3.h">
      <Filter>Header Files\Tools</Filter>
    </ClInclude>
    <ClInclude Include="Vec4.h">
      <Filter>Header Files\Tools</Filter>
    </ClInclude>
    <ClInclude Include="OBJFile.h">
      <Filter>Header Files\Tools</Filter>
    </ClInclude>
    <ClInclude Include="Texture.h">
      <Filter>Header Files\Tools</Filter>
    </ClInclude>
    <ClInclude Include="Camera.h">
      <Filter>Header Files\Objects</Filter>
    </ClInclude>
    <ClInclude Include="Light.h">
      <Filter>Header Files\Objects</Filter>
    </ClInclude>
  </ItemGroup>
  <ItemGroup>
    <ClCompile Include="stdafx.cpp">
      <Filter>Source Files</Filter>
    </ClCompile>
    <ClCompile Include="VulkanInstance.cpp">
      <Filter>Source Files\Vulkan</Filter>
    </ClCompile>
    <ClCompile Include="AdamVulkanRenderer.cpp">
      <Filter>Source Files\Vulkan</Filter>
    </ClCompile>
    <ClCompile Include="OBJFile.cpp">
      <Filter>Source Files\Tools</Filter>
    </ClCompile>
    <ClCompile Include="Shader.cpp">
      <Filter>Source Files\Tools</Filter>
    </ClCompile>
    <ClCompile Include="Texture.cpp">
      <Filter>Source Files\Tools</Filter>
    </ClCompile>
    <ClCompile Include="Camera.cpp">
      <Filter>Source Files\Simulation</Filter>
    </ClCompile>
  </ItemGroup>
  <ItemGroup>
    <ResourceCompile Include="AdamVulkanRenderer.rc">
      <Filter>Resource Files</Filter>
    </ResourceCompile>
  </ItemGroup>
  <ItemGroup>
    <Image Include="small.ico">
      <Filter>Resource Files</Filter>
    </Image>
    <Image Include="AdamVulkanRenderer.ico">
      <Filter>Resource Files</Filter>
    </Image>
  </ItemGroup>
  <ItemGroup>
    <None Include="lunarg.ppm">
      <Filter>Resource Files</Filter>
    </None>
    <None Include="adam.ppm">
      <Filter>Resource Files</Filter>
    </None>
    <None Include="readtest.ppm">
      <Filter>Resource Files</Filter>
    </None>
    <None Include="fragment.fs">
      <Filter>Resource Files</Filter>
    </None>
    <None Include="vertex.vs">
      <Filter>Resource Files</Filter>
    </None>
  </ItemGroup>
  <ItemGroup>
    <Object Include="box.obj">
      <Filter>Resource Files</Filter>
    </Object>
    <Object Include="sword.obj">
      <Filter>Resource Files</Filter>
    </Object>
    <Object Include="sword_old.obj">
      <Filter>Resource Files</Filter>
    </Object>
    <Object Include="LevelCreationTutorial.obj">
      <Filter>Resource Files</Filter>
    </Object>
    <Object Include="murdock.obj">
      <Filter>Resource Files</Filter>
    </Object>
  </ItemGroup>
</Project>